{
    "_readme": [
        "This file locks the dependencies of your project to a known state",
        "Read more about it at https://getcomposer.org/doc/01-basic-usage.md#composer-lock-the-lock-file",
        "This file is @generated automatically"
    ],
    "content-hash": "239b62abce825466e50cdb69a01f6a8b",
    "packages": [
        {
            "name": "nette/neon",
            "version": "v2.4.1",
            "source": {
                "type": "git",
                "url": "https://github.com/nette/neon.git",
                "reference": "1a78ff64b1e161ebccc03bdf9366450a69365f5b"
            },
            "dist": {
                "type": "zip",
                "url": "https://api.github.com/repos/nette/neon/zipball/1a78ff64b1e161ebccc03bdf9366450a69365f5b",
                "reference": "1a78ff64b1e161ebccc03bdf9366450a69365f5b",
                "shasum": ""
            },
            "require": {
                "ext-iconv": "*",
                "ext-json": "*",
                "php": ">=5.6.0"
            },
            "require-dev": {
                "nette/tester": "~2.0",
                "tracy/tracy": "^2.3"
            },
            "type": "library",
            "extra": {
                "branch-alias": {
                    "dev-master": "2.4-dev"
                }
            },
            "autoload": {
                "classmap": [
                    "src/"
                ]
            },
            "notification-url": "https://packagist.org/downloads/",
            "license": [
                "BSD-3-Clause",
                "GPL-2.0",
                "GPL-3.0"
            ],
            "authors": [
                {
                    "name": "David Grudl",
                    "homepage": "https://davidgrudl.com"
                },
                {
                    "name": "Nette Community",
                    "homepage": "https://nette.org/contributors"
                }
            ],
            "description": "Nette NEON: parser & generator for Nette Object Notation",
            "homepage": "http://ne-on.org",
            "time": "2017-01-13T08:00:19+00:00"
        },
        {
            "name": "nette/php-generator",
            "version": "v2.6.2",
            "source": {
                "type": "git",
                "url": "https://github.com/nette/php-generator.git",
                "reference": "3a69f606db7f1e9995347c7d84b9d2a0507c0b38"
            },
            "dist": {
                "type": "zip",
                "url": "https://api.github.com/repos/nette/php-generator/zipball/3a69f606db7f1e9995347c7d84b9d2a0507c0b38",
                "reference": "3a69f606db7f1e9995347c7d84b9d2a0507c0b38",
                "shasum": ""
            },
            "require": {
                "nette/utils": "^2.4.2 || ~3.0.0",
                "php": ">=5.6.0"
            },
            "conflict": {
                "nette/nette": "<2.2"
            },
            "require-dev": {
                "nette/tester": "^2.0",
                "tracy/tracy": "^2.3"
            },
            "type": "library",
            "extra": {
                "branch-alias": {
                    "dev-master": "2.6-dev"
                }
            },
            "autoload": {
                "classmap": [
                    "src/"
                ]
            },
            "notification-url": "https://packagist.org/downloads/",
            "license": [
                "BSD-3-Clause",
                "GPL-2.0",
                "GPL-3.0"
            ],
            "authors": [
                {
                    "name": "David Grudl",
                    "homepage": "https://davidgrudl.com"
                },
                {
                    "name": "Nette Community",
                    "homepage": "https://nette.org/contributors"
                }
            ],
            "description": "Nette PHP Generator",
            "homepage": "https://nette.org",
            "time": "2017-03-18T15:19:52+00:00"
        },
        {
            "name": "nette/tokenizer",
            "version": "v2.2.3",
            "source": {
                "type": "git",
                "url": "https://github.com/nette/tokenizer.git",
                "reference": "0fec1255bd2d062229e81cad3bfba806a8ea6096"
            },
            "dist": {
                "type": "zip",
                "url": "https://api.github.com/repos/nette/tokenizer/zipball/0fec1255bd2d062229e81cad3bfba806a8ea6096",
                "reference": "0fec1255bd2d062229e81cad3bfba806a8ea6096",
                "shasum": ""
            },
            "require": {
                "php": ">=5.3.1"
            },
            "conflict": {
                "nette/nette": "<2.2"
            },
            "require-dev": {
                "nette/tester": "~1.7",
                "tracy/tracy": "^2.3"
            },
            "type": "library",
            "autoload": {
                "classmap": [
                    "src/"
                ]
            },
            "notification-url": "https://packagist.org/downloads/",
            "license": [
                "BSD-3-Clause",
                "GPL-2.0",
                "GPL-3.0"
            ],
            "authors": [
                {
                    "name": "David Grudl",
                    "homepage": "https://davidgrudl.com"
                },
                {
                    "name": "Nette Community",
                    "homepage": "https://nette.org/contributors"
                }
            ],
            "description": "Nette Tokenizer",
            "homepage": "https://nette.org",
            "time": "2016-04-21T13:06:32+00:00"
        },
        {
            "name": "nette/utils",
            "version": "v2.4.5",
            "source": {
                "type": "git",
                "url": "https://github.com/nette/utils.git",
                "reference": "28ad4e2a6dcf143c23bde969a825f10a5d513602"
            },
            "dist": {
                "type": "zip",
                "url": "https://api.github.com/repos/nette/utils/zipball/28ad4e2a6dcf143c23bde969a825f10a5d513602",
                "reference": "28ad4e2a6dcf143c23bde969a825f10a5d513602",
                "shasum": ""
            },
            "require": {
                "php": ">=5.6.0"
            },
            "conflict": {
                "nette/nette": "<2.2"
            },
            "require-dev": {
                "nette/tester": "~2.0",
                "tracy/tracy": "^2.3"
            },
            "suggest": {
                "ext-gd": "to use Image",
                "ext-iconv": "to use Strings::webalize() and toAscii()",
                "ext-intl": "for script transliteration in Strings::webalize() and toAscii()",
                "ext-json": "to use Nette\\Utils\\Json",
                "ext-mbstring": "to use Strings::lower() etc...",
                "ext-xml": "to use Strings::length() etc. when mbstring is not available",
                "https://nette.org/donate": "\u001b[1;37;42m Please consider supporting Nette via a donation \u001b[0m"
            },
            "type": "library",
            "extra": {
                "branch-alias": {
                    "dev-master": "2.4-dev"
                }
            },
            "autoload": {
                "classmap": [
                    "src/"
                ]
            },
            "notification-url": "https://packagist.org/downloads/",
            "license": [
                "BSD-3-Clause",
                "GPL-2.0",
                "GPL-3.0"
            ],
            "authors": [
                {
                    "name": "David Grudl",
                    "homepage": "https://davidgrudl.com"
                },
                {
                    "name": "Nette Community",
                    "homepage": "https://nette.org/contributors"
                }
            ],
            "description": "Nette Utility Classes",
            "homepage": "https://nette.org",
            "time": "2017-03-29T16:55:54+00:00"
        },
        {
            "name": "psr/log",
            "version": "1.0.2",
            "source": {
                "type": "git",
                "url": "https://github.com/php-fig/log.git",
                "reference": "4ebe3a8bf773a19edfe0a84b6585ba3d401b724d"
            },
            "dist": {
                "type": "zip",
                "url": "https://api.github.com/repos/php-fig/log/zipball/4ebe3a8bf773a19edfe0a84b6585ba3d401b724d",
                "reference": "4ebe3a8bf773a19edfe0a84b6585ba3d401b724d",
                "shasum": ""
            },
            "require": {
                "php": ">=5.3.0"
            },
            "type": "library",
            "extra": {
                "branch-alias": {
                    "dev-master": "1.0.x-dev"
                }
            },
            "autoload": {
                "psr-4": {
                    "Psr\\Log\\": "Psr/Log/"
                }
            },
            "notification-url": "https://packagist.org/downloads/",
            "license": [
                "MIT"
            ],
            "authors": [
                {
                    "name": "PHP-FIG",
                    "homepage": "http://www.php-fig.org/"
                }
            ],
            "description": "Common interface for logging libraries",
            "homepage": "https://github.com/php-fig/log",
            "keywords": [
                "log",
                "psr",
                "psr-3"
            ],
            "time": "2016-10-10T12:19:37+00:00"
        },
        {
            "name": "symfony/console",
            "version": "v3.2.8",
            "source": {
                "type": "git",
                "url": "https://github.com/symfony/console.git",
                "reference": "a7a17e0c6c3c4d70a211f80782e4b90ddadeaa38"
            },
            "dist": {
                "type": "zip",
                "url": "https://api.github.com/repos/symfony/console/zipball/a7a17e0c6c3c4d70a211f80782e4b90ddadeaa38",
                "reference": "a7a17e0c6c3c4d70a211f80782e4b90ddadeaa38",
                "shasum": ""
            },
            "require": {
                "php": ">=5.5.9",
                "symfony/debug": "~2.8|~3.0",
                "symfony/polyfill-mbstring": "~1.0"
            },
            "require-dev": {
                "psr/log": "~1.0",
                "symfony/event-dispatcher": "~2.8|~3.0",
                "symfony/filesystem": "~2.8|~3.0",
                "symfony/process": "~2.8|~3.0"
            },
            "suggest": {
                "psr/log": "For using the console logger",
                "symfony/event-dispatcher": "",
                "symfony/filesystem": "",
                "symfony/process": ""
            },
            "type": "library",
            "extra": {
                "branch-alias": {
                    "dev-master": "3.2-dev"
                }
            },
            "autoload": {
                "psr-4": {
                    "Symfony\\Component\\Console\\": ""
                },
                "exclude-from-classmap": [
                    "/Tests/"
                ]
            },
            "notification-url": "https://packagist.org/downloads/",
            "license": [
                "MIT"
            ],
            "authors": [
                {
                    "name": "Fabien Potencier",
                    "email": "fabien@symfony.com"
                },
                {
                    "name": "Symfony Community",
                    "homepage": "https://symfony.com/contributors"
                }
            ],
            "description": "Symfony Console Component",
            "homepage": "https://symfony.com",
            "time": "2017-04-26T01:39:17+00:00"
        },
        {
            "name": "symfony/debug",
            "version": "v3.2.8",
            "source": {
                "type": "git",
                "url": "https://github.com/symfony/debug.git",
                "reference": "fd6eeee656a5a7b384d56f1072243fe1c0e81686"
            },
            "dist": {
                "type": "zip",
                "url": "https://api.github.com/repos/symfony/debug/zipball/fd6eeee656a5a7b384d56f1072243fe1c0e81686",
                "reference": "fd6eeee656a5a7b384d56f1072243fe1c0e81686",
                "shasum": ""
            },
            "require": {
                "php": ">=5.5.9",
                "psr/log": "~1.0"
            },
            "conflict": {
                "symfony/http-kernel": ">=2.3,<2.3.24|~2.4.0|>=2.5,<2.5.9|>=2.6,<2.6.2"
            },
            "require-dev": {
                "symfony/class-loader": "~2.8|~3.0",
                "symfony/http-kernel": "~2.8|~3.0"
            },
            "type": "library",
            "extra": {
                "branch-alias": {
                    "dev-master": "3.2-dev"
                }
            },
            "autoload": {
                "psr-4": {
                    "Symfony\\Component\\Debug\\": ""
                },
                "exclude-from-classmap": [
                    "/Tests/"
                ]
            },
            "notification-url": "https://packagist.org/downloads/",
            "license": [
                "MIT"
            ],
            "authors": [
                {
                    "name": "Fabien Potencier",
                    "email": "fabien@symfony.com"
                },
                {
                    "name": "Symfony Community",
                    "homepage": "https://symfony.com/contributors"
                }
            ],
            "description": "Symfony Debug Component",
            "homepage": "https://symfony.com",
            "time": "2017-04-19T20:17:50+00:00"
        },
        {
            "name": "symfony/filesystem",
            "version": "v3.2.8",
            "source": {
                "type": "git",
                "url": "https://github.com/symfony/filesystem.git",
                "reference": "040651db13cf061827a460cc10f6e36a445c45b4"
            },
            "dist": {
                "type": "zip",
                "url": "https://api.github.com/repos/symfony/filesystem/zipball/040651db13cf061827a460cc10f6e36a445c45b4",
                "reference": "040651db13cf061827a460cc10f6e36a445c45b4",
                "shasum": ""
            },
            "require": {
                "php": ">=5.5.9"
            },
            "type": "library",
            "extra": {
                "branch-alias": {
                    "dev-master": "3.2-dev"
                }
            },
            "autoload": {
                "psr-4": {
                    "Symfony\\Component\\Filesystem\\": ""
                },
                "exclude-from-classmap": [
                    "/Tests/"
                ]
            },
            "notification-url": "https://packagist.org/downloads/",
            "license": [
                "MIT"
            ],
            "authors": [
                {
                    "name": "Fabien Potencier",
                    "email": "fabien@symfony.com"
                },
                {
                    "name": "Symfony Community",
                    "homepage": "https://symfony.com/contributors"
                }
            ],
            "description": "Symfony Filesystem Component",
            "homepage": "https://symfony.com",
            "time": "2017-04-12T14:13:17+00:00"
        },
        {
            "name": "symfony/finder",
            "version": "v3.2.8",
            "source": {
                "type": "git",
                "url": "https://github.com/symfony/finder.git",
                "reference": "9cf076f8f492f4b1ffac40aae9c2d287b4ca6930"
            },
            "dist": {
                "type": "zip",
                "url": "https://api.github.com/repos/symfony/finder/zipball/9cf076f8f492f4b1ffac40aae9c2d287b4ca6930",
                "reference": "9cf076f8f492f4b1ffac40aae9c2d287b4ca6930",
                "shasum": ""
            },
            "require": {
                "php": ">=5.5.9"
            },
            "type": "library",
            "extra": {
                "branch-alias": {
                    "dev-master": "3.2-dev"
                }
            },
            "autoload": {
                "psr-4": {
                    "Symfony\\Component\\Finder\\": ""
                },
                "exclude-from-classmap": [
                    "/Tests/"
                ]
            },
            "notification-url": "https://packagist.org/downloads/",
            "license": [
                "MIT"
            ],
            "authors": [
                {
                    "name": "Fabien Potencier",
                    "email": "fabien@symfony.com"
                },
                {
                    "name": "Symfony Community",
                    "homepage": "https://symfony.com/contributors"
                }
            ],
            "description": "Symfony Finder Component",
            "homepage": "https://symfony.com",
            "time": "2017-04-12T14:13:17+00:00"
        },
        {
            "name": "symfony/polyfill-mbstring",
            "version": "v1.3.0",
            "source": {
                "type": "git",
                "url": "https://github.com/symfony/polyfill-mbstring.git",
                "reference": "e79d363049d1c2128f133a2667e4f4190904f7f4"
            },
            "dist": {
                "type": "zip",
                "url": "https://api.github.com/repos/symfony/polyfill-mbstring/zipball/e79d363049d1c2128f133a2667e4f4190904f7f4",
                "reference": "e79d363049d1c2128f133a2667e4f4190904f7f4",
                "shasum": ""
            },
            "require": {
                "php": ">=5.3.3"
            },
            "suggest": {
                "ext-mbstring": "For best performance"
            },
            "type": "library",
            "extra": {
                "branch-alias": {
                    "dev-master": "1.3-dev"
                }
            },
            "autoload": {
                "psr-4": {
                    "Symfony\\Polyfill\\Mbstring\\": ""
                },
                "files": [
                    "bootstrap.php"
                ]
            },
            "notification-url": "https://packagist.org/downloads/",
            "license": [
                "MIT"
            ],
            "authors": [
                {
                    "name": "Nicolas Grekas",
                    "email": "p@tchwork.com"
                },
                {
                    "name": "Symfony Community",
                    "homepage": "https://symfony.com/contributors"
                }
            ],
            "description": "Symfony polyfill for the Mbstring extension",
            "homepage": "https://symfony.com",
            "keywords": [
                "compatibility",
                "mbstring",
                "polyfill",
                "portable",
                "shim"
            ],
            "time": "2016-11-14T01:06:16+00:00"
        },
        {
            "name": "symfony/process",
            "version": "v3.2.8",
            "source": {
                "type": "git",
                "url": "https://github.com/symfony/process.git",
                "reference": "999c2cf5061e627e6cd551dc9ebf90dd1d11d9f0"
            },
            "dist": {
                "type": "zip",
                "url": "https://api.github.com/repos/symfony/process/zipball/999c2cf5061e627e6cd551dc9ebf90dd1d11d9f0",
                "reference": "999c2cf5061e627e6cd551dc9ebf90dd1d11d9f0",
                "shasum": ""
            },
            "require": {
                "php": ">=5.5.9"
            },
            "type": "library",
            "extra": {
                "branch-alias": {
                    "dev-master": "3.2-dev"
                }
            },
            "autoload": {
                "psr-4": {
                    "Symfony\\Component\\Process\\": ""
                },
                "exclude-from-classmap": [
                    "/Tests/"
                ]
            },
            "notification-url": "https://packagist.org/downloads/",
            "license": [
                "MIT"
            ],
            "authors": [
                {
                    "name": "Fabien Potencier",
                    "email": "fabien@symfony.com"
                },
                {
                    "name": "Symfony Community",
                    "homepage": "https://symfony.com/contributors"
                }
            ],
            "description": "Symfony Process Component",
            "homepage": "https://symfony.com",
            "time": "2017-04-12T14:13:17+00:00"
        },
        {
            "name": "tracy/tracy",
            "version": "v2.4.6",
            "source": {
                "type": "git",
                "url": "https://github.com/nette/tracy.git",
                "reference": "c9fbca15b0a11d904c7783b7aad114182618d8d4"
            },
            "dist": {
                "type": "zip",
                "url": "https://api.github.com/repos/nette/tracy/zipball/c9fbca15b0a11d904c7783b7aad114182618d8d4",
                "reference": "c9fbca15b0a11d904c7783b7aad114182618d8d4",
                "shasum": ""
            },
            "require": {
                "ext-json": "*",
                "ext-session": "*",
                "php": ">=5.4.4"
            },
            "require-dev": {
                "nette/di": "~2.3",
                "nette/tester": "~2.0"
            },
            "type": "library",
            "extra": {
                "branch-alias": {
                    "dev-master": "2.4-dev"
                }
            },
            "autoload": {
                "classmap": [
                    "src"
                ],
                "files": [
                    "src/shortcuts.php"
                ]
            },
            "notification-url": "https://packagist.org/downloads/",
            "license": [
                "BSD-3-Clause",
                "GPL-2.0",
                "GPL-3.0"
            ],
            "authors": [
                {
                    "name": "David Grudl",
                    "homepage": "https://davidgrudl.com"
                },
                {
                    "name": "Nette Community",
                    "homepage": "https://nette.org/contributors"
                }
            ],
            "description": "Tracy: useful PHP debugger",
            "homepage": "https://tracy.nette.org",
            "keywords": [
                "debug",
                "debugger",
                "nette"
            ],
            "time": "2017-01-29T19:39:20+00:00"
        }
    ],
    "packages-dev": [],
    "aliases": [],
    "minimum-stability": "stable",
    "stability-flags": [],
    "prefer-stable": false,
    "prefer-lowest": false,
    "platform": {
        "php": "~7.0"
    },
    "platform-dev": []
}
